
Microsoft Visual Studio Solution File, Format Version 12.00
# Visual Studio Version 17
VisualStudioVersion = 17.7.34009.444
MinimumVisualStudioVersion = 10.0.40219.1
Project("{FAE04EC0-301F-11D3-BF4B-00C04F79EFBC}") = "PantallaExpediente", "PantallaExpediente.csproj", "{6C0C689E-74DF-45A4-BD85-B29D6E086EED}"
EndProject
Global
	GlobalSection(SolutionConfigurationPlatforms) = preSolution
		Debug|Any CPU = Debug|Any CPU
		Release|Any CPU = Release|Any CPU
	EndGlobalSection
	GlobalSection(ProjectConfigurationPlatforms) = postSolution
		{6C0C689E-74DF-45A4-BD85-B29D6E086EED}.Debug|Any CPU.ActiveCfg = Debug|Any CPU
		{6C0C689E-74DF-45A4-BD85-B29D6E086EED}.Debug|Any CPU.Build.0 = Debug|Any CPU
		{6C0C689E-74DF-45A4-BD85-B29D6E086EED}.Release|Any CPU.ActiveCfg = Release|Any CPU
		{6C0C689E-74DF-45A4-BD85-B29D6E086EED}.Release|Any CPU.Build.0 = Release|Any CPU
	EndGlobalSection
	GlobalSection(SolutionProperties) = preSolution
		HideSolutionNode = FALSE
	EndGlobalSection
	GlobalSection(ExtensibilityGlobals) = postSolution
		SolutionGuid = {86857A7E-2309-4778-94E7-ECEE2CF765B3}
	EndGlobalSection
EndGlobal
